
Microsoft Visual Studio Solution File, Format Version 12.00
# Visual Studio Version 17
VisualStudioVersion = 17.13.35806.99 d17.13
MinimumVisualStudioVersion = 10.0.40219.1
Project("{FAE04EC0-301F-11D3-BF4B-00C04F79EFBC}") = "MyPortfolio", "MyPortfolio\MyPortfolio.csproj", "{DB050194-4DE6-466F-97B3-0865F0B90925}"
EndProject
Global
	GlobalSection(SolutionConfigurationPlatforms) = preSolution
		Debug|Any CPU = Debug|Any CPU
		Release|Any CPU = Release|Any CPU
	EndGlobalSection
	GlobalSection(ProjectConfigurationPlatforms) = postSolution
		{DB050194-4DE6-466F-97B3-0865F0B90925}.Debug|Any CPU.ActiveCfg = Debug|Any CPU
		{DB050194-4DE6-466F-97B3-0865F0B90925}.Debug|Any CPU.Build.0 = Debug|Any CPU
		{DB050194-4DE6-466F-97B3-0865F0B90925}.Release|Any CPU.ActiveCfg = Release|Any CPU
		{DB050194-4DE6-466F-97B3-0865F0B90925}.Release|Any CPU.Build.0 = Release|Any CPU
	EndGlobalSection
	GlobalSection(SolutionProperties) = preSolution
		HideSolutionNode = FALSE
	EndGlobalSection
	GlobalSection(ExtensibilityGlobals) = postSolution
		SolutionGuid = {8FA6BACE-B04A-4FFA-AB0C-62CAE0393654}
	EndGlobalSection
EndGlobal
